
Microsoft Visual Studio Solution File, Format Version 12.00
# Visual Studio Version 17
VisualStudioVersion = 17.2.32630.192
MinimumVisualStudioVersion = 10.0.40219.1
Project("{FAE04EC0-301F-11D3-BF4B-00C04F79EFBC}") = "TelegramForum", "TelegramForum\TelegramForum.csproj", "{95F79DA7-63E4-43D9-B64C-9712678C29DD}"
EndProject
Global
	GlobalSection(SolutionConfigurationPlatforms) = preSolution
		Debug|Any CPU = Debug|Any CPU
		Release|Any CPU = Release|Any CPU
	EndGlobalSection
	GlobalSection(ProjectConfigurationPlatforms) = postSolution
		{95F79DA7-63E4-43D9-B64C-9712678C29DD}.Debug|Any CPU.ActiveCfg = Debug|Any CPU
		{95F79DA7-63E4-43D9-B64C-9712678C29DD}.Debug|Any CPU.Build.0 = Debug|Any CPU
		{95F79DA7-63E4-43D9-B64C-9712678C29DD}.Release|Any CPU.ActiveCfg = Release|Any CPU
		{95F79DA7-63E4-43D9-B64C-9712678C29DD}.Release|Any CPU.Build.0 = Release|Any CPU
	EndGlobalSection
	GlobalSection(SolutionProperties) = preSolution
		HideSolutionNode = FALSE
	EndGlobalSection
	GlobalSection(ExtensibilityGlobals) = postSolution
		SolutionGuid = {FB05B024-7C00-4259-B60E-C1FE889FB5E7}
	EndGlobalSection
EndGlobal
